
Microsoft Visual Studio Solution File, Format Version 12.00
# Visual Studio Version 16
VisualStudioVersion = 16.0.32106.194
MinimumVisualStudioVersion = 10.0.40219.1
Project("{FAE04EC0-301F-11D3-BF4B-00C04F79EFBC}") = "Store", "Store.csproj", "{BA6AFC5A-3E9C-4FF8-8A79-505EC6CA662D}"
EndProject
Global
	GlobalSection(SolutionConfigurationPlatforms) = preSolution
		Debug|Any CPU = Debug|Any CPU
		Release|Any CPU = Release|Any CPU
	EndGlobalSection
	GlobalSection(ProjectConfigurationPlatforms) = postSolution
		{BA6AFC5A-3E9C-4FF8-8A79-505EC6CA662D}.Debug|Any CPU.ActiveCfg = Debug|Any CPU
		{BA6AFC5A-3E9C-4FF8-8A79-505EC6CA662D}.Debug|Any CPU.Build.0 = Debug|Any CPU
		{BA6AFC5A-3E9C-4FF8-8A79-505EC6CA662D}.Release|Any CPU.ActiveCfg = Release|Any CPU
		{BA6AFC5A-3E9C-4FF8-8A79-505EC6CA662D}.Release|Any CPU.Build.0 = Release|Any CPU
	EndGlobalSection
	GlobalSection(SolutionProperties) = preSolution
		HideSolutionNode = FALSE
	EndGlobalSection
	GlobalSection(ExtensibilityGlobals) = postSolution
		SolutionGuid = {1A386B00-20B2-42E1-9385-0EA438A4623A}
	EndGlobalSection
EndGlobal
